// !$*UTF8*$!
{
	archiveVersion = 1;
	classes = {
	};
	objectVersion = 56;
	objects = {

/* Begin PBXBuildFile section */
		2208947C63AACAB1096BB154 /* Pods_MapPlans.framework in Frameworks */ = {isa = PBXBuildFile; fileRef = F633E367A66920B494A2A4F9 /* Pods_MapPlans.framework */; };
		D20B44142AE6BB9A00BE23CB /* MapPlansApp.swift in Sources */ = {isa = PBXBuildFile; fileRef = D20B440E2AE6BB9A00BE23CB /* MapPlansApp.swift */; };
		D20B44152AE6BB9A00BE23CB /* Assets.xcassets in Resources */ = {isa = PBXBuildFile; fileRef = D20B440F2AE6BB9A00BE23CB /* Assets.xcassets */; };
		D20B44162AE6BB9A00BE23CB /* Preview Assets.xcassets in Resources */ = {isa = PBXBuildFile; fileRef = D20B44112AE6BB9A00BE23CB /* Preview Assets.xcassets */; };
		D20B44172AE6BB9A00BE23CB /* ApiKeys.plist in Resources */ = {isa = PBXBuildFile; fileRef = D20B44122AE6BB9A00BE23CB /* ApiKeys.plist */; };
		D20B44182AE6BB9A00BE23CB /* ContentView.swift in Sources */ = {isa = PBXBuildFile; fileRef = D20B44132AE6BB9A00BE23CB /* ContentView.swift */; };
		D20B44272AE6BBA400BE23CB /* MapViewModel.swift in Sources */ = {isa = PBXBuildFile; fileRef = D20B441B2AE6BBA400BE23CB /* MapViewModel.swift */; };
		D20B44282AE6BBA400BE23CB /* PlaceAnnotation.swift in Sources */ = {isa = PBXBuildFile; fileRef = D20B441D2AE6BBA400BE23CB /* PlaceAnnotation.swift */; };
		D20B44292AE6BBA400BE23CB /* PlacesResult.swift in Sources */ = {isa = PBXBuildFile; fileRef = D20B441E2AE6BBA400BE23CB /* PlacesResult.swift */; };
		D20B442A2AE6BBA400BE23CB /* MapStyleOption.swift in Sources */ = {isa = PBXBuildFile; fileRef = D20B441F2AE6BBA400BE23CB /* MapStyleOption.swift */; };
		D20B442B2AE6BBA400BE23CB /* Place.swift in Sources */ = {isa = PBXBuildFile; fileRef = D20B44212AE6BBA400BE23CB /* Place.swift */; };
		D20B442C2AE6BBA400BE23CB /* MapStylePickerView.swift in Sources */ = {isa = PBXBuildFile; fileRef = D20B44232AE6BBA400BE23CB /* MapStylePickerView.swift */; };
		D20B442D2AE6BBA400BE23CB /* SelectedAnnotationView.swift in Sources */ = {isa = PBXBuildFile; fileRef = D20B44242AE6BBA400BE23CB /* SelectedAnnotationView.swift */; };
		D20B442E2AE6BBA400BE23CB /* MapView.swift in Sources */ = {isa = PBXBuildFile; fileRef = D20B44252AE6BBA400BE23CB /* MapView.swift */; };
		D20B442F2AE6BBA400BE23CB /* MapKitView.swift in Sources */ = {isa = PBXBuildFile; fileRef = D20B44262AE6BBA400BE23CB /* MapKitView.swift */; };
		D20B44532AE6BBB300BE23CB /* PlanRowViewModel.swift in Sources */ = {isa = PBXBuildFile; fileRef = D20B44322AE6BBB300BE23CB /* PlanRowViewModel.swift */; };
		D20B44542AE6BBB300BE23CB /* PlacePlansViewModel.swift in Sources */ = {isa = PBXBuildFile; fileRef = D20B44332AE6BBB300BE23CB /* PlacePlansViewModel.swift */; };
		D20B44552AE6BBB300BE23CB /* BasePlansViewModel.swift in Sources */ = {isa = PBXBuildFile; fileRef = D20B44342AE6BBB300BE23CB /* BasePlansViewModel.swift */; };
		D20B44562AE6BBB300BE23CB /* AllPlansViewModel.swift in Sources */ = {isa = PBXBuildFile; fileRef = D20B44352AE6BBB300BE23CB /* AllPlansViewModel.swift */; };
		D20B44572AE6BBB300BE23CB /* Plan.swift in Sources */ = {isa = PBXBuildFile; fileRef = D20B44382AE6BBB300BE23CB /* Plan.swift */; };
		D20B44582AE6BBB300BE23CB /* PlanState.swift in Sources */ = {isa = PBXBuildFile; fileRef = D20B44392AE6BBB300BE23CB /* PlanState.swift */; };
		D20B44592AE6BBB300BE23CB /* PlanRowView.swift in Sources */ = {isa = PBXBuildFile; fileRef = D20B443B2AE6BBB300BE23CB /* PlanRowView.swift */; };
		D20B445A2AE6BBB300BE23CB /* AllPlansView.swift in Sources */ = {isa = PBXBuildFile; fileRef = D20B443C2AE6BBB300BE23CB /* AllPlansView.swift */; };
		D20B445B2AE6BBB300BE23CB /* PlacePlansView.swift in Sources */ = {isa = PBXBuildFile; fileRef = D20B443D2AE6BBB300BE23CB /* PlacePlansView.swift */; };
		D20B445C2AE6BBB300BE23CB /* NotificationOption.swift in Sources */ = {isa = PBXBuildFile; fileRef = D20B44402AE6BBB300BE23CB /* NotificationOption.swift */; };
		D20B445D2AE6BBB300BE23CB /* LocationNotification.swift in Sources */ = {isa = PBXBuildFile; fileRef = D20B44412AE6BBB300BE23CB /* LocationNotification.swift */; };
		D20B445E2AE6BBB300BE23CB /* BaseNotification.swift in Sources */ = {isa = PBXBuildFile; fileRef = D20B44422AE6BBB300BE23CB /* BaseNotification.swift */; };
		D20B445F2AE6BBB300BE23CB /* NotificationModel.swift in Sources */ = {isa = PBXBuildFile; fileRef = D20B44442AE6BBB300BE23CB /* NotificationModel.swift */; };
		D20B44602AE6BBB300BE23CB /* ScheduleNotification.swift in Sources */ = {isa = PBXBuildFile; fileRef = D20B44452AE6BBB300BE23CB /* ScheduleNotification.swift */; };
		D20B44612AE6BBB300BE23CB /* NotificationType.swift in Sources */ = {isa = PBXBuildFile; fileRef = D20B44462AE6BBB300BE23CB /* NotificationType.swift */; };
		D20B44622AE6BBB300BE23CB /* NotificationSettingsView.swift in Sources */ = {isa = PBXBuildFile; fileRef = D20B44482AE6BBB300BE23CB /* NotificationSettingsView.swift */; };
		D20B44632AE6BBB300BE23CB /* PlanSetupViewModel.swift in Sources */ = {isa = PBXBuildFile; fileRef = D20B444B2AE6BBB300BE23CB /* PlanSetupViewModel.swift */; };
		D20B44642AE6BBB300BE23CB /* PlanSetupView.swift in Sources */ = {isa = PBXBuildFile; fileRef = D20B444D2AE6BBB300BE23CB /* PlanSetupView.swift */; };
		D20B44652AE6BBB300BE23CB /* PlanStateView.swift in Sources */ = {isa = PBXBuildFile; fileRef = D20B444E2AE6BBB300BE23CB /* PlanStateView.swift */; };
		D20B44662AE6BBB300BE23CB /* Dropdown.swift in Sources */ = {isa = PBXBuildFile; fileRef = D20B44502AE6BBB300BE23CB /* Dropdown.swift */; };
		D20B44672AE6BBB300BE23CB /* DropdownRow.swift in Sources */ = {isa = PBXBuildFile; fileRef = D20B44512AE6BBB300BE23CB /* DropdownRow.swift */; };
		D20B44682AE6BBB300BE23CB /* DropdownSelectorView.swift in Sources */ = {isa = PBXBuildFile; fileRef = D20B44522AE6BBB300BE23CB /* DropdownSelectorView.swift */; };
		D20B44712AE6BBE100BE23CB /* DataHandler.swift in Sources */ = {isa = PBXBuildFile; fileRef = D20B446A2AE6BBE100BE23CB /* DataHandler.swift */; };
		D20B44722AE6BBE100BE23CB /* NetworkHandler.swift in Sources */ = {isa = PBXBuildFile; fileRef = D20B446B2AE6BBE100BE23CB /* NetworkHandler.swift */; };
		D20B44732AE6BBE100BE23CB /* AppState.swift in Sources */ = {isa = PBXBuildFile; fileRef = D20B446D2AE6BBE100BE23CB /* AppState.swift */; };
		D20B44742AE6BBE100BE23CB /* NotificationInitializer.swift in Sources */ = {isa = PBXBuildFile; fileRef = D20B446E2AE6BBE100BE23CB /* NotificationInitializer.swift */; };
		D20B44752AE6BBE100BE23CB /* NotificationService.swift in Sources */ = {isa = PBXBuildFile; fileRef = D20B446F2AE6BBE100BE23CB /* NotificationService.swift */; };
		D20B44762AE6BBE100BE23CB /* PlacesCacheService.swift in Sources */ = {isa = PBXBuildFile; fileRef = D20B44702AE6BBE100BE23CB /* PlacesCacheService.swift */; };
		D20B44912AE6BBF800BE23CB /* UICustomOption.swift in Sources */ = {isa = PBXBuildFile; fileRef = D20B44782AE6BBF800BE23CB /* UICustomOption.swift */; };
		D20B44922AE6BBF800BE23CB /* RoundedCorner.swift in Sources */ = {isa = PBXBuildFile; fileRef = D20B447A2AE6BBF800BE23CB /* RoundedCorner.swift */; };
		D20B44932AE6BBF800BE23CB /* PlanStateSwipeButtonView.swift in Sources */ = {isa = PBXBuildFile; fileRef = D20B447B2AE6BBF800BE23CB /* PlanStateSwipeButtonView.swift */; };
		D20B44942AE6BBF800BE23CB /* ImageTextFieldView.swift in Sources */ = {isa = PBXBuildFile; fileRef = D20B447C2AE6BBF800BE23CB /* ImageTextFieldView.swift */; };
		D20B44952AE6BBF800BE23CB /* BaseButtonLabel.swift in Sources */ = {isa = PBXBuildFile; fileRef = D20B447D2AE6BBF800BE23CB /* BaseButtonLabel.swift */; };
		D20B44962AE6BBF800BE23CB /* ToolbarBackButtonView.swift in Sources */ = {isa = PBXBuildFile; fileRef = D20B447E2AE6BBF800BE23CB /* ToolbarBackButtonView.swift */; };
		D20B44972AE6BBF800BE23CB /* CustomDividerView.swift in Sources */ = {isa = PBXBuildFile; fileRef = D20B447F2AE6BBF800BE23CB /* CustomDividerView.swift */; };
		D20B44982AE6BBF800BE23CB /* ProgressPlansView.swift in Sources */ = {isa = PBXBuildFile; fileRef = D20B44802AE6BBF800BE23CB /* ProgressPlansView.swift */; };
		D20B44992AE6BBF800BE23CB /* ForEachCustomOptionView.swift in Sources */ = {isa = PBXBuildFile; fileRef = D20B44812AE6BBF800BE23CB /* ForEachCustomOptionView.swift */; };
		D20B449A2AE6BBF800BE23CB /* RoundedBackgroundView.swift in Sources */ = {isa = PBXBuildFile; fileRef = D20B44822AE6BBF800BE23CB /* RoundedBackgroundView.swift */; };
		D20B449B2AE6BBF800BE23CB /* UIApplication+Extensions.swift in Sources */ = {isa = PBXBuildFile; fileRef = D20B44842AE6BBF800BE23CB /* UIApplication+Extensions.swift */; };
		D20B449C2AE6BBF800BE23CB /* Animation+Extensions.swift in Sources */ = {isa = PBXBuildFile; fileRef = D20B44852AE6BBF800BE23CB /* Animation+Extensions.swift */; };
		D20B449D2AE6BBF800BE23CB /* AnyTransition+Extensions.swift in Sources */ = {isa = PBXBuildFile; fileRef = D20B44862AE6BBF800BE23CB /* AnyTransition+Extensions.swift */; };
		D20B449E2AE6BBF800BE23CB /* View+Extensions.swift in Sources */ = {isa = PBXBuildFile; fileRef = D20B44872AE6BBF800BE23CB /* View+Extensions.swift */; };
		D20B449F2AE6BBF800BE23CB /* CLLocation+Extensions.swift in Sources */ = {isa = PBXBuildFile; fileRef = D20B44882AE6BBF800BE23CB /* CLLocation+Extensions.swift */; };
		D20B44A02AE6BBF800BE23CB /* Date+Extensions.swift in Sources */ = {isa = PBXBuildFile; fileRef = D20B44892AE6BBF800BE23CB /* Date+Extensions.swift */; };
		D20B44A12AE6BBF800BE23CB /* DebugLogger.swift in Sources */ = {isa = PBXBuildFile; fileRef = D20B448A2AE6BBF800BE23CB /* DebugLogger.swift */; };
		D20B44A22AE6BBF800BE23CB /* DependencyInjector.swift in Sources */ = {isa = PBXBuildFile; fileRef = D20B448B2AE6BBF800BE23CB /* DependencyInjector.swift */; };
		D20B44A32AE6BBF800BE23CB /* UIConstants.swift in Sources */ = {isa = PBXBuildFile; fileRef = D20B448D2AE6BBF800BE23CB /* UIConstants.swift */; };
		D20B44A42AE6BBF800BE23CB /* ApiKeys.swift in Sources */ = {isa = PBXBuildFile; fileRef = D20B448E2AE6BBF800BE23CB /* ApiKeys.swift */; };
		D20B44A52AE6BBF800BE23CB /* AppConstants.swift in Sources */ = {isa = PBXBuildFile; fileRef = D20B448F2AE6BBF800BE23CB /* AppConstants.swift */; };
		D20B44A62AE6BBF800BE23CB /* CodableKeys.swift in Sources */ = {isa = PBXBuildFile; fileRef = D20B44902AE6BBF800BE23CB /* CodableKeys.swift */; };
		D2E3E3372A792B7D00688BE4 /* LocationManager.swift in Sources */ = {isa = PBXBuildFile; fileRef = D2E3E3362A792B7D00688BE4 /* LocationManager.swift */; };
		D2E3E3422A792FD800688BE4 /* RealmService.swift in Sources */ = {isa = PBXBuildFile; fileRef = D2E3E3412A792FD800688BE4 /* RealmService.swift */; };
		D2E3E3462A794A9200688BE4 /* PlacesAPIService.swift in Sources */ = {isa = PBXBuildFile; fileRef = D2E3E3452A794A9200688BE4 /* PlacesAPIService.swift */; };
/* End PBXBuildFile section */

/* Begin PBXFileReference section */
		A58C5BE077610783FB672035 /* Pods-MapPlans.release.xcconfig */ = {isa = PBXFileReference; includeInIndex = 1; lastKnownFileType = text.xcconfig; name = "Pods-MapPlans.release.xcconfig"; path = "Target Support Files/Pods-MapPlans/Pods-MapPlans.release.xcconfig"; sourceTree = "<group>"; };
		D028A3AE402641D19E3F3F1F /* Pods-MapPlans.debug.xcconfig */ = {isa = PBXFileReference; includeInIndex = 1; lastKnownFileType = text.xcconfig; name = "Pods-MapPlans.debug.xcconfig"; path = "Target Support Files/Pods-MapPlans/Pods-MapPlans.debug.xcconfig"; sourceTree = "<group>"; };
		D20B440E2AE6BB9A00BE23CB /* MapPlansApp.swift */ = {isa = PBXFileReference; fileEncoding = 4; lastKnownFileType = sourcecode.swift; path = MapPlansApp.swift; sourceTree = "<group>"; };
		D20B440F2AE6BB9A00BE23CB /* Assets.xcassets */ = {isa = PBXFileReference; lastKnownFileType = folder.assetcatalog; path = Assets.xcassets; sourceTree = "<group>"; };
		D20B44112AE6BB9A00BE23CB /* Preview Assets.xcassets */ = {isa = PBXFileReference; lastKnownFileType = folder.assetcatalog; path = "Preview Assets.xcassets"; sourceTree = "<group>"; };
		D20B44122AE6BB9A00BE23CB /* ApiKeys.plist */ = {isa = PBXFileReference; fileEncoding = 4; lastKnownFileType = text.plist.xml; path = ApiKeys.plist; sourceTree = "<group>"; };
		D20B44132AE6BB9A00BE23CB /* ContentView.swift */ = {isa = PBXFileReference; fileEncoding = 4; lastKnownFileType = sourcecode.swift; path = ContentView.swift; sourceTree = "<group>"; };
		D20B441B2AE6BBA400BE23CB /* MapViewModel.swift */ = {isa = PBXFileReference; fileEncoding = 4; lastKnownFileType = sourcecode.swift; path = MapViewModel.swift; sourceTree = "<group>"; };
		D20B441D2AE6BBA400BE23CB /* PlaceAnnotation.swift */ = {isa = PBXFileReference; fileEncoding = 4; lastKnownFileType = sourcecode.swift; path = PlaceAnnotation.swift; sourceTree = "<group>"; };
		D20B441E2AE6BBA400BE23CB /* PlacesResult.swift */ = {isa = PBXFileReference; fileEncoding = 4; lastKnownFileType = sourcecode.swift; path = PlacesResult.swift; sourceTree = "<group>"; };
		D20B441F2AE6BBA400BE23CB /* MapStyleOption.swift */ = {isa = PBXFileReference; fileEncoding = 4; lastKnownFileType = sourcecode.swift; path = MapStyleOption.swift; sourceTree = "<group>"; };
		D20B44212AE6BBA400BE23CB /* Place.swift */ = {isa = PBXFileReference; fileEncoding = 4; lastKnownFileType = sourcecode.swift; path = Place.swift; sourceTree = "<group>"; };
		D20B44232AE6BBA400BE23CB /* MapStylePickerView.swift */ = {isa = PBXFileReference; fileEncoding = 4; lastKnownFileType = sourcecode.swift; path = MapStylePickerView.swift; sourceTree = "<group>"; };
		D20B44242AE6BBA400BE23CB /* SelectedAnnotationView.swift */ = {isa = PBXFileReference; fileEncoding = 4; lastKnownFileType = sourcecode.swift; path = SelectedAnnotationView.swift; sourceTree = "<group>"; };
		D20B44252AE6BBA400BE23CB /* MapView.swift */ = {isa = PBXFileReference; fileEncoding = 4; lastKnownFileType = sourcecode.swift; path = MapView.swift; sourceTree = "<group>"; };
		D20B44262AE6BBA400BE23CB /* MapKitView.swift */ = {isa = PBXFileReference; fileEncoding = 4; lastKnownFileType = sourcecode.swift; path = MapKitView.swift; sourceTree = "<group>"; };
		D20B44322AE6BBB300BE23CB /* PlanRowViewModel.swift */ = {isa = PBXFileReference; fileEncoding = 4; lastKnownFileType = sourcecode.swift; path = PlanRowViewModel.swift; sourceTree = "<group>"; };
		D20B44332AE6BBB300BE23CB /* PlacePlansViewModel.swift */ = {isa = PBXFileReference; fileEncoding = 4; lastKnownFileType = sourcecode.swift; path = PlacePlansViewModel.swift; sourceTree = "<group>"; };
		D20B44342AE6BBB300BE23CB /* BasePlansViewModel.swift */ = {isa = PBXFileReference; fileEncoding = 4; lastKnownFileType = sourcecode.swift; path = BasePlansViewModel.swift; sourceTree = "<group>"; };
		D20B44352AE6BBB300BE23CB /* AllPlansViewModel.swift */ = {isa = PBXFileReference; fileEncoding = 4; lastKnownFileType = sourcecode.swift; path = AllPlansViewModel.swift; sourceTree = "<group>"; };
		D20B44382AE6BBB300BE23CB /* Plan.swift */ = {isa = PBXFileReference; fileEncoding = 4; lastKnownFileType = sourcecode.swift; path = Plan.swift; sourceTree = "<group>"; };
		D20B44392AE6BBB300BE23CB /* PlanState.swift */ = {isa = PBXFileReference; fileEncoding = 4; lastKnownFileType = sourcecode.swift; path = PlanState.swift; sourceTree = "<group>"; };
		D20B443B2AE6BBB300BE23CB /* PlanRowView.swift */ = {isa = PBXFileReference; fileEncoding = 4; lastKnownFileType = sourcecode.swift; path = PlanRowView.swift; sourceTree = "<group>"; };
		D20B443C2AE6BBB300BE23CB /* AllPlansView.swift */ = {isa = PBXFileReference; fileEncoding = 4; lastKnownFileType = sourcecode.swift; path = AllPlansView.swift; sourceTree = "<group>"; };
		D20B443D2AE6BBB300BE23CB /* PlacePlansView.swift */ = {isa = PBXFileReference; fileEncoding = 4; lastKnownFileType = sourcecode.swift; path = PlacePlansView.swift; sourceTree = "<group>"; };
		D20B44402AE6BBB300BE23CB /* NotificationOption.swift */ = {isa = PBXFileReference; fileEncoding = 4; lastKnownFileType = sourcecode.swift; path = NotificationOption.swift; sourceTree = "<group>"; };
		D20B44412AE6BBB300BE23CB /* LocationNotification.swift */ = {isa = PBXFileReference; fileEncoding = 4; lastKnownFileType = sourcecode.swift; path = LocationNotification.swift; sourceTree = "<group>"; };
		D20B44422AE6BBB300BE23CB /* BaseNotification.swift */ = {isa = PBXFileReference; fileEncoding = 4; lastKnownFileType = sourcecode.swift; path = BaseNotification.swift; sourceTree = "<group>"; };
		D20B44442AE6BBB300BE23CB /* NotificationModel.swift */ = {isa = PBXFileReference; fileEncoding = 4; lastKnownFileType = sourcecode.swift; path = NotificationModel.swift; sourceTree = "<group>"; };
		D20B44452AE6BBB300BE23CB /* ScheduleNotification.swift */ = {isa = PBXFileReference; fileEncoding = 4; lastKnownFileType = sourcecode.swift; path = ScheduleNotification.swift; sourceTree = "<group>"; };
		D20B44462AE6BBB300BE23CB /* NotificationType.swift */ = {isa = PBXFileReference; fileEncoding = 4; lastKnownFileType = sourcecode.swift; path = NotificationType.swift; sourceTree = "<group>"; };
		D20B44482AE6BBB300BE23CB /* NotificationSettingsView.swift */ = {isa = PBXFileReference; fileEncoding = 4; lastKnownFileType = sourcecode.swift; path = NotificationSettingsView.swift; sourceTree = "<group>"; };
		D20B444B2AE6BBB300BE23CB /* PlanSetupViewModel.swift */ = {isa = PBXFileReference; fileEncoding = 4; lastKnownFileType = sourcecode.swift; path = PlanSetupViewModel.swift; sourceTree = "<group>"; };
		D20B444D2AE6BBB300BE23CB /* PlanSetupView.swift */ = {isa = PBXFileReference; fileEncoding = 4; lastKnownFileType = sourcecode.swift; path = PlanSetupView.swift; sourceTree = "<group>"; };
		D20B444E2AE6BBB300BE23CB /* PlanStateView.swift */ = {isa = PBXFileReference; fileEncoding = 4; lastKnownFileType = sourcecode.swift; path = PlanStateView.swift; sourceTree = "<group>"; };
		D20B44502AE6BBB300BE23CB /* Dropdown.swift */ = {isa = PBXFileReference; fileEncoding = 4; lastKnownFileType = sourcecode.swift; path = Dropdown.swift; sourceTree = "<group>"; };
		D20B44512AE6BBB300BE23CB /* DropdownRow.swift */ = {isa = PBXFileReference; fileEncoding = 4; lastKnownFileType = sourcecode.swift; path = DropdownRow.swift; sourceTree = "<group>"; };
		D20B44522AE6BBB300BE23CB /* DropdownSelectorView.swift */ = {isa = PBXFileReference; fileEncoding = 4; lastKnownFileType = sourcecode.swift; path = DropdownSelectorView.swift; sourceTree = "<group>"; };
		D20B446A2AE6BBE100BE23CB /* DataHandler.swift */ = {isa = PBXFileReference; fileEncoding = 4; lastKnownFileType = sourcecode.swift; path = DataHandler.swift; sourceTree = "<group>"; };
		D20B446B2AE6BBE100BE23CB /* NetworkHandler.swift */ = {isa = PBXFileReference; fileEncoding = 4; lastKnownFileType = sourcecode.swift; path = NetworkHandler.swift; sourceTree = "<group>"; };
		D20B446D2AE6BBE100BE23CB /* AppState.swift */ = {isa = PBXFileReference; fileEncoding = 4; lastKnownFileType = sourcecode.swift; path = AppState.swift; sourceTree = "<group>"; };
		D20B446E2AE6BBE100BE23CB /* NotificationInitializer.swift */ = {isa = PBXFileReference; fileEncoding = 4; lastKnownFileType = sourcecode.swift; path = NotificationInitializer.swift; sourceTree = "<group>"; };
		D20B446F2AE6BBE100BE23CB /* NotificationService.swift */ = {isa = PBXFileReference; fileEncoding = 4; lastKnownFileType = sourcecode.swift; path = NotificationService.swift; sourceTree = "<group>"; };
		D20B44702AE6BBE100BE23CB /* PlacesCacheService.swift */ = {isa = PBXFileReference; fileEncoding = 4; lastKnownFileType = sourcecode.swift; path = PlacesCacheService.swift; sourceTree = "<group>"; };
		D20B44782AE6BBF800BE23CB /* UICustomOption.swift */ = {isa = PBXFileReference; fileEncoding = 4; lastKnownFileType = sourcecode.swift; path = UICustomOption.swift; sourceTree = "<group>"; };
		D20B447A2AE6BBF800BE23CB /* RoundedCorner.swift */ = {isa = PBXFileReference; fileEncoding = 4; lastKnownFileType = sourcecode.swift; path = RoundedCorner.swift; sourceTree = "<group>"; };
		D20B447B2AE6BBF800BE23CB /* PlanStateSwipeButtonView.swift */ = {isa = PBXFileReference; fileEncoding = 4; lastKnownFileType = sourcecode.swift; path = PlanStateSwipeButtonView.swift; sourceTree = "<group>"; };
		D20B447C2AE6BBF800BE23CB /* ImageTextFieldView.swift */ = {isa = PBXFileReference; fileEncoding = 4; lastKnownFileType = sourcecode.swift; path = ImageTextFieldView.swift; sourceTree = "<group>"; };
		D20B447D2AE6BBF800BE23CB /* BaseButtonLabel.swift */ = {isa = PBXFileReference; fileEncoding = 4; lastKnownFileType = sourcecode.swift; path = BaseButtonLabel.swift; sourceTree = "<group>"; };
		D20B447E2AE6BBF800BE23CB /* ToolbarBackButtonView.swift */ = {isa = PBXFileReference; fileEncoding = 4; lastKnownFileType = sourcecode.swift; path = ToolbarBackButtonView.swift; sourceTree = "<group>"; };
		D20B447F2AE6BBF800BE23CB /* CustomDividerView.swift */ = {isa = PBXFileReference; fileEncoding = 4; lastKnownFileType = sourcecode.swift; path = CustomDividerView.swift; sourceTree = "<group>"; };
		D20B44802AE6BBF800BE23CB /* ProgressPlansView.swift */ = {isa = PBXFileReference; fileEncoding = 4; lastKnownFileType = sourcecode.swift; path = ProgressPlansView.swift; sourceTree = "<group>"; };
		D20B44812AE6BBF800BE23CB /* ForEachCustomOptionView.swift */ = {isa = PBXFileReference; fileEncoding = 4; lastKnownFileType = sourcecode.swift; path = ForEachCustomOptionView.swift; sourceTree = "<group>"; };
		D20B44822AE6BBF800BE23CB /* RoundedBackgroundView.swift */ = {isa = PBXFileReference; fileEncoding = 4; lastKnownFileType = sourcecode.swift; path = RoundedBackgroundView.swift; sourceTree = "<group>"; };
		D20B44842AE6BBF800BE23CB /* UIApplication+Extensions.swift */ = {isa = PBXFileReference; fileEncoding = 4; lastKnownFileType = sourcecode.swift; path = "UIApplication+Extensions.swift"; sourceTree = "<group>"; };
		D20B44852AE6BBF800BE23CB /* Animation+Extensions.swift */ = {isa = PBXFileReference; fileEncoding = 4; lastKnownFileType = sourcecode.swift; path = "Animation+Extensions.swift"; sourceTree = "<group>"; };
		D20B44862AE6BBF800BE23CB /* AnyTransition+Extensions.swift */ = {isa = PBXFileReference; fileEncoding = 4; lastKnownFileType = sourcecode.swift; path = "AnyTransition+Extensions.swift"; sourceTree = "<group>"; };
		D20B44872AE6BBF800BE23CB /* View+Extensions.swift */ = {isa = PBXFileReference; fileEncoding = 4; lastKnownFileType = sourcecode.swift; path = "View+Extensions.swift"; sourceTree = "<group>"; };
		D20B44882AE6BBF800BE23CB /* CLLocation+Extensions.swift */ = {isa = PBXFileReference; fileEncoding = 4; lastKnownFileType = sourcecode.swift; path = "CLLocation+Extensions.swift"; sourceTree = "<group>"; };
		D20B44892AE6BBF800BE23CB /* Date+Extensions.swift */ = {isa = PBXFileReference; fileEncoding = 4; lastKnownFileType = sourcecode.swift; path = "Date+Extensions.swift"; sourceTree = "<group>"; };
		D20B448A2AE6BBF800BE23CB /* DebugLogger.swift */ = {isa = PBXFileReference; fileEncoding = 4; lastKnownFileType = sourcecode.swift; path = DebugLogger.swift; sourceTree = "<group>"; };
		D20B448B2AE6BBF800BE23CB /* DependencyInjector.swift */ = {isa = PBXFileReference; fileEncoding = 4; lastKnownFileType = sourcecode.swift; path = DependencyInjector.swift; sourceTree = "<group>"; };
		D20B448D2AE6BBF800BE23CB /* UIConstants.swift */ = {isa = PBXFileReference; fileEncoding = 4; lastKnownFileType = sourcecode.swift; path = UIConstants.swift; sourceTree = "<group>"; };
		D20B448E2AE6BBF800BE23CB /* ApiKeys.swift */ = {isa = PBXFileReference; fileEncoding = 4; lastKnownFileType = sourcecode.swift; path = ApiKeys.swift; sourceTree = "<group>"; };
		D20B448F2AE6BBF800BE23CB /* AppConstants.swift */ = {isa = PBXFileReference; fileEncoding = 4; lastKnownFileType = sourcecode.swift; path = AppConstants.swift; sourceTree = "<group>"; };
		D20B44902AE6BBF800BE23CB /* CodableKeys.swift */ = {isa = PBXFileReference; fileEncoding = 4; lastKnownFileType = sourcecode.swift; path = CodableKeys.swift; sourceTree = "<group>"; };
		D2E3E3162A791C7B00688BE4 /* MapPlans.app */ = {isa = PBXFileReference; explicitFileType = wrapper.application; includeInIndex = 0; path = MapPlans.app; sourceTree = BUILT_PRODUCTS_DIR; };
		D2E3E3362A792B7D00688BE4 /* LocationManager.swift */ = {isa = PBXFileReference; lastKnownFileType = sourcecode.swift; path = LocationManager.swift; sourceTree = "<group>"; };
		D2E3E3412A792FD800688BE4 /* RealmService.swift */ = {isa = PBXFileReference; lastKnownFileType = sourcecode.swift; path = RealmService.swift; sourceTree = "<group>"; };
		D2E3E3452A794A9200688BE4 /* PlacesAPIService.swift */ = {isa = PBXFileReference; lastKnownFileType = sourcecode.swift; path = PlacesAPIService.swift; sourceTree = "<group>"; };
		F633E367A66920B494A2A4F9 /* Pods_MapPlans.framework */ = {isa = PBXFileReference; explicitFileType = wrapper.framework; includeInIndex = 0; path = Pods_MapPlans.framework; sourceTree = BUILT_PRODUCTS_DIR; };
/* End PBXFileReference section */

/* Begin PBXFrameworksBuildPhase section */
		D2E3E3132A791C7B00688BE4 /* Frameworks */ = {
			isa = PBXFrameworksBuildPhase;
			buildActionMask = 2147483647;
			files = (
				2208947C63AACAB1096BB154 /* Pods_MapPlans.framework in Frameworks */,
			);
			runOnlyForDeploymentPostprocessing = 0;
		};
/* End PBXFrameworksBuildPhase section */

/* Begin PBXGroup section */
		A5AAB72CCC75DE542DC86995 /* Pods */ = {
			isa = PBXGroup;
			children = (
				D028A3AE402641D19E3F3F1F /* Pods-MapPlans.debug.xcconfig */,
				A58C5BE077610783FB672035 /* Pods-MapPlans.release.xcconfig */,
			);
			path = Pods;
			sourceTree = "<group>";
		};
		D20B440D2AE6BB9A00BE23CB /* AppStructure */ = {
			isa = PBXGroup;
			children = (
				D20B440E2AE6BB9A00BE23CB /* MapPlansApp.swift */,
				D20B440F2AE6BB9A00BE23CB /* Assets.xcassets */,
				D20B44102AE6BB9A00BE23CB /* Preview Content */,
				D20B44122AE6BB9A00BE23CB /* ApiKeys.plist */,
				D20B44132AE6BB9A00BE23CB /* ContentView.swift */,
			);
			path = AppStructure;
			sourceTree = "<group>";
		};
		D20B44102AE6BB9A00BE23CB /* Preview Content */ = {
			isa = PBXGroup;
			children = (
				D20B44112AE6BB9A00BE23CB /* Preview Assets.xcassets */,
			);
			path = "Preview Content";
			sourceTree = "<group>";
		};
		D20B44192AE6BBA400BE23CB /* MapModule */ = {
			isa = PBXGroup;
			children = (
				D20B441A2AE6BBA400BE23CB /* ViewModel */,
				D20B441C2AE6BBA400BE23CB /* Model */,
				D20B44222AE6BBA400BE23CB /* View */,
			);
			path = MapModule;
			sourceTree = "<group>";
		};
		D20B441A2AE6BBA400BE23CB /* ViewModel */ = {
			isa = PBXGroup;
			children = (
				D20B441B2AE6BBA400BE23CB /* MapViewModel.swift */,
			);
			path = ViewModel;
			sourceTree = "<group>";
		};
		D20B441C2AE6BBA400BE23CB /* Model */ = {
			isa = PBXGroup;
			children = (
				D20B441D2AE6BBA400BE23CB /* PlaceAnnotation.swift */,
				D20B441E2AE6BBA400BE23CB /* PlacesResult.swift */,
				D20B441F2AE6BBA400BE23CB /* MapStyleOption.swift */,
				D20B44202AE6BBA400BE23CB /* RealmModel */,
			);
			path = Model;
			sourceTree = "<group>";
		};
		D20B44202AE6BBA400BE23CB /* RealmModel */ = {
			isa = PBXGroup;
			children = (
				D20B44212AE6BBA400BE23CB /* Place.swift */,
			);
			path = RealmModel;
			sourceTree = "<group>";
		};
		D20B44222AE6BBA400BE23CB /* View */ = {
			isa = PBXGroup;
			children = (
				D20B44232AE6BBA400BE23CB /* MapStylePickerView.swift */,
				D20B44242AE6BBA400BE23CB /* SelectedAnnotationView.swift */,
				D20B44252AE6BBA400BE23CB /* MapView.swift */,
				D20B44262AE6BBA400BE23CB /* MapKitView.swift */,
			);
			path = View;
			sourceTree = "<group>";
		};
		D20B44302AE6BBB300BE23CB /* PlacePlansModule */ = {
			isa = PBXGroup;
			children = (
				D20B44312AE6BBB300BE23CB /* ViewModel */,
				D20B44362AE6BBB300BE23CB /* Model */,
				D20B443A2AE6BBB300BE23CB /* View */,
			);
			name = PlacePlansModule;
			path = MapPlans/PlacePlansModule;
			sourceTree = SOURCE_ROOT;
		};
		D20B44312AE6BBB300BE23CB /* ViewModel */ = {
			isa = PBXGroup;
			children = (
				D20B44322AE6BBB300BE23CB /* PlanRowViewModel.swift */,
				D20B44332AE6BBB300BE23CB /* PlacePlansViewModel.swift */,
				D20B44342AE6BBB300BE23CB /* BasePlansViewModel.swift */,
				D20B44352AE6BBB300BE23CB /* AllPlansViewModel.swift */,
			);
			path = ViewModel;
			sourceTree = "<group>";
		};
		D20B44362AE6BBB300BE23CB /* Model */ = {
			isa = PBXGroup;
			children = (
				D20B44372AE6BBB300BE23CB /* RealmModel */,
				D20B44392AE6BBB300BE23CB /* PlanState.swift */,
			);
			path = Model;
			sourceTree = "<group>";
		};
		D20B44372AE6BBB300BE23CB /* RealmModel */ = {
			isa = PBXGroup;
			children = (
				D20B44382AE6BBB300BE23CB /* Plan.swift */,
			);
			path = RealmModel;
			sourceTree = "<group>";
		};
		D20B443A2AE6BBB300BE23CB /* View */ = {
			isa = PBXGroup;
			children = (
				D20B443B2AE6BBB300BE23CB /* PlanRowView.swift */,
				D20B443C2AE6BBB300BE23CB /* AllPlansView.swift */,
				D20B443D2AE6BBB300BE23CB /* PlacePlansView.swift */,
			);
			path = View;
			sourceTree = "<group>";
		};
		D20B443E2AE6BBB300BE23CB /* NotificationSetupModule */ = {
			isa = PBXGroup;
			children = (
				D20B443F2AE6BBB300BE23CB /* Model */,
				D20B44472AE6BBB300BE23CB /* View */,
			);
			name = NotificationSetupModule;
			path = MapPlans/NotificationSetupModule;
			sourceTree = SOURCE_ROOT;
		};
		D20B443F2AE6BBB300BE23CB /* Model */ = {
			isa = PBXGroup;
			children = (
				D20B44402AE6BBB300BE23CB /* NotificationOption.swift */,
				D20B44412AE6BBB300BE23CB /* LocationNotification.swift */,
				D20B44422AE6BBB300BE23CB /* BaseNotification.swift */,
				D20B44432AE6BBB300BE23CB /* RealmModel */,
				D20B44452AE6BBB300BE23CB /* ScheduleNotification.swift */,
				D20B44462AE6BBB300BE23CB /* NotificationType.swift */,
			);
			path = Model;
			sourceTree = "<group>";
		};
		D20B44432AE6BBB300BE23CB /* RealmModel */ = {
			isa = PBXGroup;
			children = (
				D20B44442AE6BBB300BE23CB /* NotificationModel.swift */,
			);
			path = RealmModel;
			sourceTree = "<group>";
		};
		D20B44472AE6BBB300BE23CB /* View */ = {
			isa = PBXGroup;
			children = (
				D20B44482AE6BBB300BE23CB /* NotificationSettingsView.swift */,
			);
			path = View;
			sourceTree = "<group>";
		};
		D20B44492AE6BBB300BE23CB /* PlanSetupModule */ = {
			isa = PBXGroup;
			children = (
				D20B444A2AE6BBB300BE23CB /* ViewModel */,
				D20B444C2AE6BBB300BE23CB /* View */,
			);
			name = PlanSetupModule;
			path = MapPlans/PlanSetupModule;
			sourceTree = SOURCE_ROOT;
		};
		D20B444A2AE6BBB300BE23CB /* ViewModel */ = {
			isa = PBXGroup;
			children = (
				D20B444B2AE6BBB300BE23CB /* PlanSetupViewModel.swift */,
			);
			path = ViewModel;
			sourceTree = "<group>";
		};
		D20B444C2AE6BBB300BE23CB /* View */ = {
			isa = PBXGroup;
			children = (
				D20B444D2AE6BBB300BE23CB /* PlanSetupView.swift */,
				D20B444E2AE6BBB300BE23CB /* PlanStateView.swift */,
				D20B444F2AE6BBB300BE23CB /* DropdownSelector */,
			);
			path = View;
			sourceTree = "<group>";
		};
		D20B444F2AE6BBB300BE23CB /* DropdownSelector */ = {
			isa = PBXGroup;
			children = (
				D20B44502AE6BBB300BE23CB /* Dropdown.swift */,
				D20B44512AE6BBB300BE23CB /* DropdownRow.swift */,
				D20B44522AE6BBB300BE23CB /* DropdownSelectorView.swift */,
			);
			path = DropdownSelector;
			sourceTree = "<group>";
		};
		D20B44692AE6BBE100BE23CB /* Handlers */ = {
			isa = PBXGroup;
			children = (
				D20B446A2AE6BBE100BE23CB /* DataHandler.swift */,
				D20B446B2AE6BBE100BE23CB /* NetworkHandler.swift */,
			);
			path = Handlers;
			sourceTree = "<group>";
		};
		D20B446C2AE6BBE100BE23CB /* Notifications */ = {
			isa = PBXGroup;
			children = (
				D20B446D2AE6BBE100BE23CB /* AppState.swift */,
				D20B446E2AE6BBE100BE23CB /* NotificationInitializer.swift */,
				D20B446F2AE6BBE100BE23CB /* NotificationService.swift */,
			);
			path = Notifications;
			sourceTree = "<group>";
		};
		D20B44772AE6BBF800BE23CB /* Model */ = {
			isa = PBXGroup;
			children = (
				D20B44782AE6BBF800BE23CB /* UICustomOption.swift */,
			);
			path = Model;
			sourceTree = "<group>";
		};
		D20B44792AE6BBF800BE23CB /* View */ = {
			isa = PBXGroup;
			children = (
				D20B447A2AE6BBF800BE23CB /* RoundedCorner.swift */,
				D20B447B2AE6BBF800BE23CB /* PlanStateSwipeButtonView.swift */,
				D20B447C2AE6BBF800BE23CB /* ImageTextFieldView.swift */,
				D20B447D2AE6BBF800BE23CB /* BaseButtonLabel.swift */,
				D20B447E2AE6BBF800BE23CB /* ToolbarBackButtonView.swift */,
				D20B447F2AE6BBF800BE23CB /* CustomDividerView.swift */,
				D20B44802AE6BBF800BE23CB /* ProgressPlansView.swift */,
				D20B44812AE6BBF800BE23CB /* ForEachCustomOptionView.swift */,
				D20B44822AE6BBF800BE23CB /* RoundedBackgroundView.swift */,
			);
			path = View;
			sourceTree = "<group>";
		};
		D20B44832AE6BBF800BE23CB /* Extensions */ = {
			isa = PBXGroup;
			children = (
				D20B44842AE6BBF800BE23CB /* UIApplication+Extensions.swift */,
				D20B44852AE6BBF800BE23CB /* Animation+Extensions.swift */,
				D20B44862AE6BBF800BE23CB /* AnyTransition+Extensions.swift */,
				D20B44872AE6BBF800BE23CB /* View+Extensions.swift */,
				D20B44882AE6BBF800BE23CB /* CLLocation+Extensions.swift */,
				D20B44892AE6BBF800BE23CB /* Date+Extensions.swift */,
			);
			path = Extensions;
			sourceTree = "<group>";
		};
		D20B448C2AE6BBF800BE23CB /* Constants */ = {
			isa = PBXGroup;
			children = (
				D20B448D2AE6BBF800BE23CB /* UIConstants.swift */,
				D20B448E2AE6BBF800BE23CB /* ApiKeys.swift */,
				D20B448F2AE6BBF800BE23CB /* AppConstants.swift */,
				D20B44902AE6BBF800BE23CB /* CodableKeys.swift */,
			);
			path = Constants;
			sourceTree = "<group>";
		};
		D2361CD72A8B803B00D5E11B /* Utils */ = {
			isa = PBXGroup;
			children = (
				D20B448C2AE6BBF800BE23CB /* Constants */,
				D20B448A2AE6BBF800BE23CB /* DebugLogger.swift */,
				D20B448B2AE6BBF800BE23CB /* DependencyInjector.swift */,
				D20B44832AE6BBF800BE23CB /* Extensions */,
				D20B44772AE6BBF800BE23CB /* Model */,
				D20B44792AE6BBF800BE23CB /* View */,
			);
			path = Utils;
			sourceTree = "<group>";
		};
		D2E3E30D2A791C7B00688BE4 = {
			isa = PBXGroup;
			children = (
				D2E3E3182A791C7B00688BE4 /* MapPlans */,
				D2E3E3172A791C7B00688BE4 /* Products */,
				A5AAB72CCC75DE542DC86995 /* Pods */,
				FA285B1382F738612E1A1FFC /* Frameworks */,
			);
			sourceTree = "<group>";
		};
		D2E3E3172A791C7B00688BE4 /* Products */ = {
			isa = PBXGroup;
			children = (
				D2E3E3162A791C7B00688BE4 /* MapPlans.app */,
			);
			name = Products;
			sourceTree = "<group>";
		};
		D2E3E3182A791C7B00688BE4 /* MapPlans */ = {
			isa = PBXGroup;
			children = (
				D20B440D2AE6BB9A00BE23CB /* AppStructure */,
				D20B44192AE6BBA400BE23CB /* MapModule */,
				D20B443E2AE6BBB300BE23CB /* NotificationSetupModule */,
				D20B44302AE6BBB300BE23CB /* PlacePlansModule */,
				D20B44492AE6BBB300BE23CB /* PlanSetupModule */,
				D2E3E34B2A7A46FB00688BE4 /* Services */,
				D2361CD72A8B803B00D5E11B /* Utils */,
			);
			path = MapPlans;
			sourceTree = "<group>";
		};
		D2E3E34B2A7A46FB00688BE4 /* Services */ = {
			isa = PBXGroup;
			children = (
				D20B44692AE6BBE100BE23CB /* Handlers */,
				D20B446C2AE6BBE100BE23CB /* Notifications */,
				D20B44702AE6BBE100BE23CB /* PlacesCacheService.swift */,
				D2E3E3362A792B7D00688BE4 /* LocationManager.swift */,
				D2E3E3412A792FD800688BE4 /* RealmService.swift */,
				D2E3E3452A794A9200688BE4 /* PlacesAPIService.swift */,
			);
			path = Services;
			sourceTree = "<group>";
		};
		FA285B1382F738612E1A1FFC /* Frameworks */ = {
			isa = PBXGroup;
			children = (
				F633E367A66920B494A2A4F9 /* Pods_MapPlans.framework */,
			);
			name = Frameworks;
			sourceTree = "<group>";
		};
/* End PBXGroup section */

/* Begin PBXNativeTarget section */
		D2E3E3152A791C7B00688BE4 /* MapPlans */ = {
			isa = PBXNativeTarget;
			buildConfigurationList = D2E3E3242A791C7C00688BE4 /* Build configuration list for PBXNativeTarget "MapPlans" */;
			buildPhases = (
				88FB278B19CD01535DD6102D /* [CP] Check Pods Manifest.lock */,
				D2E3E3122A791C7B00688BE4 /* Sources */,
				D2E3E3132A791C7B00688BE4 /* Frameworks */,
				D2E3E3142A791C7B00688BE4 /* Resources */,
				3A06B9E3FCDDECCB2B982990 /* [CP] Embed Pods Frameworks */,
				5C4CC3209B4A7E643773DB64 /* [CP] Copy Pods Resources */,
			);
			buildRules = (
			);
			dependencies = (
			);
			name = MapPlans;
			productName = MapPlans;
			productReference = D2E3E3162A791C7B00688BE4 /* MapPlans.app */;
			productType = "com.apple.product-type.application";
		};
/* End PBXNativeTarget section */

/* Begin PBXProject section */
		D2E3E30E2A791C7B00688BE4 /* Project object */ = {
			isa = PBXProject;
			attributes = {
				BuildIndependentTargetsInParallel = 1;
				LastSwiftUpdateCheck = 1430;
				LastUpgradeCheck = 1430;
				TargetAttributes = {
					D2E3E3152A791C7B00688BE4 = {
						CreatedOnToolsVersion = 14.3.1;
					};
				};
			};
			buildConfigurationList = D2E3E3112A791C7B00688BE4 /* Build configuration list for PBXProject "MapPlans" */;
			compatibilityVersion = "Xcode 14.0";
			developmentRegion = en;
			hasScannedForEncodings = 0;
			knownRegions = (
				en,
				Base,
			);
			mainGroup = D2E3E30D2A791C7B00688BE4;
			packageReferences = (
				D2E3E33A2A792C8700688BE4 /* XCRemoteSwiftPackageReference "realm-swift" */,
			);
			productRefGroup = D2E3E3172A791C7B00688BE4 /* Products */;
			projectDirPath = "";
			projectRoot = "";
			targets = (
				D2E3E3152A791C7B00688BE4 /* MapPlans */,
			);
		};
/* End PBXProject section */

/* Begin PBXResourcesBuildPhase section */
		D2E3E3142A791C7B00688BE4 /* Resources */ = {
			isa = PBXResourcesBuildPhase;
			buildActionMask = 2147483647;
			files = (
				D20B44162AE6BB9A00BE23CB /* Preview Assets.xcassets in Resources */,
				D20B44152AE6BB9A00BE23CB /* Assets.xcassets in Resources */,
				D20B44172AE6BB9A00BE23CB /* ApiKeys.plist in Resources */,
			);
			runOnlyForDeploymentPostprocessing = 0;
		};
/* End PBXResourcesBuildPhase section */

/* Begin PBXShellScriptBuildPhase section */
		3A06B9E3FCDDECCB2B982990 /* [CP] Embed Pods Frameworks */ = {
			isa = PBXShellScriptBuildPhase;
			buildActionMask = 2147483647;
			files = (
			);
			inputFileListPaths = (
				"${PODS_ROOT}/Target Support Files/Pods-MapPlans/Pods-MapPlans-frameworks-${CONFIGURATION}-input-files.xcfilelist",
			);
			name = "[CP] Embed Pods Frameworks";
			outputFileListPaths = (
				"${PODS_ROOT}/Target Support Files/Pods-MapPlans/Pods-MapPlans-frameworks-${CONFIGURATION}-output-files.xcfilelist",
			);
			runOnlyForDeploymentPostprocessing = 0;
			shellPath = /bin/sh;
			shellScript = "\"${PODS_ROOT}/Target Support Files/Pods-MapPlans/Pods-MapPlans-frameworks.sh\"\n";
			showEnvVarsInLog = 0;
		};
		5C4CC3209B4A7E643773DB64 /* [CP] Copy Pods Resources */ = {
			isa = PBXShellScriptBuildPhase;
			buildActionMask = 2147483647;
			files = (
			);
			inputFileListPaths = (
				"${PODS_ROOT}/Target Support Files/Pods-MapPlans/Pods-MapPlans-resources-${CONFIGURATION}-input-files.xcfilelist",
			);
			name = "[CP] Copy Pods Resources";
			outputFileListPaths = (
				"${PODS_ROOT}/Target Support Files/Pods-MapPlans/Pods-MapPlans-resources-${CONFIGURATION}-output-files.xcfilelist",
			);
			runOnlyForDeploymentPostprocessing = 0;
			shellPath = /bin/sh;
			shellScript = "\"${PODS_ROOT}/Target Support Files/Pods-MapPlans/Pods-MapPlans-resources.sh\"\n";
			showEnvVarsInLog = 0;
		};
		88FB278B19CD01535DD6102D /* [CP] Check Pods Manifest.lock */ = {
			isa = PBXShellScriptBuildPhase;
			buildActionMask = 2147483647;
			files = (
			);
			inputFileListPaths = (
			);
			inputPaths = (
				"${PODS_PODFILE_DIR_PATH}/Podfile.lock",
				"${PODS_ROOT}/Manifest.lock",
			);
			name = "[CP] Check Pods Manifest.lock";
			outputFileListPaths = (
			);
			outputPaths = (
				"$(DERIVED_FILE_DIR)/Pods-MapPlans-checkManifestLockResult.txt",
			);
			runOnlyForDeploymentPostprocessing = 0;
			shellPath = /bin/sh;
			shellScript = "diff \"${PODS_PODFILE_DIR_PATH}/Podfile.lock\" \"${PODS_ROOT}/Manifest.lock\" > /dev/null\nif [ $? != 0 ] ; then\n    # print error to STDERR\n    echo \"error: The sandbox is not in sync with the Podfile.lock. Run 'pod install' or update your CocoaPods installation.\" >&2\n    exit 1\nfi\n# This output is used by Xcode 'outputs' to avoid re-running this script phase.\necho \"SUCCESS\" > \"${SCRIPT_OUTPUT_FILE_0}\"\n";
			showEnvVarsInLog = 0;
		};
/* End PBXShellScriptBuildPhase section */

/* Begin PBXSourcesBuildPhase section */
		D2E3E3122A791C7B00688BE4 /* Sources */ = {
			isa = PBXSourcesBuildPhase;
			buildActionMask = 2147483647;
			files = (
				D2E3E3462A794A9200688BE4 /* PlacesAPIService.swift in Sources */,
				D20B44A12AE6BBF800BE23CB /* DebugLogger.swift in Sources */,
				D20B44562AE6BBB300BE23CB /* AllPlansViewModel.swift in Sources */,
				D20B449B2AE6BBF800BE23CB /* UIApplication+Extensions.swift in Sources */,
				D20B449A2AE6BBF800BE23CB /* RoundedBackgroundView.swift in Sources */,
				D20B44672AE6BBB300BE23CB /* DropdownRow.swift in Sources */,
				D20B44272AE6BBA400BE23CB /* MapViewModel.swift in Sources */,
				D20B44632AE6BBB300BE23CB /* PlanSetupViewModel.swift in Sources */,
				D20B44282AE6BBA400BE23CB /* PlaceAnnotation.swift in Sources */,
				D20B44682AE6BBB300BE23CB /* DropdownSelectorView.swift in Sources */,
				D20B44A02AE6BBF800BE23CB /* Date+Extensions.swift in Sources */,
				D20B44542AE6BBB300BE23CB /* PlacePlansViewModel.swift in Sources */,
				D20B44142AE6BB9A00BE23CB /* MapPlansApp.swift in Sources */,
				D20B442C2AE6BBA400BE23CB /* MapStylePickerView.swift in Sources */,
				D20B445E2AE6BBB300BE23CB /* BaseNotification.swift in Sources */,
				D20B44602AE6BBB300BE23CB /* ScheduleNotification.swift in Sources */,
				D20B44752AE6BBE100BE23CB /* NotificationService.swift in Sources */,
				D20B44912AE6BBF800BE23CB /* UICustomOption.swift in Sources */,
				D20B44532AE6BBB300BE23CB /* PlanRowViewModel.swift in Sources */,
				D20B44552AE6BBB300BE23CB /* BasePlansViewModel.swift in Sources */,
				D20B442D2AE6BBA400BE23CB /* SelectedAnnotationView.swift in Sources */,
				D20B442B2AE6BBA400BE23CB /* Place.swift in Sources */,
				D20B445B2AE6BBB300BE23CB /* PlacePlansView.swift in Sources */,
				D20B445D2AE6BBB300BE23CB /* LocationNotification.swift in Sources */,
				D20B442E2AE6BBA400BE23CB /* MapView.swift in Sources */,
				D20B44622AE6BBB300BE23CB /* NotificationSettingsView.swift in Sources */,
				D20B44922AE6BBF800BE23CB /* RoundedCorner.swift in Sources */,
				D20B44962AE6BBF800BE23CB /* ToolbarBackButtonView.swift in Sources */,
				D20B44982AE6BBF800BE23CB /* ProgressPlansView.swift in Sources */,
				D20B44932AE6BBF800BE23CB /* PlanStateSwipeButtonView.swift in Sources */,
				D20B44972AE6BBF800BE23CB /* CustomDividerView.swift in Sources */,
				D20B44642AE6BBB300BE23CB /* PlanSetupView.swift in Sources */,
				D20B44662AE6BBB300BE23CB /* Dropdown.swift in Sources */,
				D20B44652AE6BBB300BE23CB /* PlanStateView.swift in Sources */,
				D20B44182AE6BB9A00BE23CB /* ContentView.swift in Sources */,
				D20B442F2AE6BBA400BE23CB /* MapKitView.swift in Sources */,
				D20B44292AE6BBA400BE23CB /* PlacesResult.swift in Sources */,
				D20B449C2AE6BBF800BE23CB /* Animation+Extensions.swift in Sources */,
				D20B44762AE6BBE100BE23CB /* PlacesCacheService.swift in Sources */,
				D20B445C2AE6BBB300BE23CB /* NotificationOption.swift in Sources */,
				D20B449D2AE6BBF800BE23CB /* AnyTransition+Extensions.swift in Sources */,
				D20B442A2AE6BBA400BE23CB /* MapStyleOption.swift in Sources */,
				D20B44742AE6BBE100BE23CB /* NotificationInitializer.swift in Sources */,
				D2E3E3422A792FD800688BE4 /* RealmService.swift in Sources */,
				D20B44952AE6BBF800BE23CB /* BaseButtonLabel.swift in Sources */,
				D20B44A22AE6BBF800BE23CB /* DependencyInjector.swift in Sources */,
				D20B44572AE6BBB300BE23CB /* Plan.swift in Sources */,
				D20B44582AE6BBB300BE23CB /* PlanState.swift in Sources */,
				D20B44712AE6BBE100BE23CB /* DataHandler.swift in Sources */,
				D20B44992AE6BBF800BE23CB /* ForEachCustomOptionView.swift in Sources */,
				D20B44732AE6BBE100BE23CB /* AppState.swift in Sources */,
				D20B44592AE6BBB300BE23CB /* PlanRowView.swift in Sources */,
				D20B44A42AE6BBF800BE23CB /* ApiKeys.swift in Sources */,
				D20B449F2AE6BBF800BE23CB /* CLLocation+Extensions.swift in Sources */,
				D20B44A62AE6BBF800BE23CB /* CodableKeys.swift in Sources */,
				D20B44A32AE6BBF800BE23CB /* UIConstants.swift in Sources */,
				D20B44A52AE6BBF800BE23CB /* AppConstants.swift in Sources */,
				D20B44942AE6BBF800BE23CB /* ImageTextFieldView.swift in Sources */,
				D2E3E3372A792B7D00688BE4 /* LocationManager.swift in Sources */,
				D20B445A2AE6BBB300BE23CB /* AllPlansView.swift in Sources */,
				D20B44612AE6BBB300BE23CB /* NotificationType.swift in Sources */,
				D20B445F2AE6BBB300BE23CB /* NotificationModel.swift in Sources */,
				D20B449E2AE6BBF800BE23CB /* View+Extensions.swift in Sources */,
				D20B44722AE6BBE100BE23CB /* NetworkHandler.swift in Sources */,
			);
			runOnlyForDeploymentPostprocessing = 0;
		};
/* End PBXSourcesBuildPhase section */

/* Begin XCBuildConfiguration section */
		D2E3E3222A791C7C00688BE4 /* Debug */ = {
			isa = XCBuildConfiguration;
			buildSettings = {
				ALWAYS_SEARCH_USER_PATHS = NO;
				CLANG_ANALYZER_NONNULL = YES;
				CLANG_ANALYZER_NUMBER_OBJECT_CONVERSION = YES_AGGRESSIVE;
				CLANG_CXX_LANGUAGE_STANDARD = "gnu++20";
				CLANG_ENABLE_MODULES = YES;
				CLANG_ENABLE_OBJC_ARC = YES;
				CLANG_ENABLE_OBJC_WEAK = YES;
				CLANG_WARN_BLOCK_CAPTURE_AUTORELEASING = YES;
				CLANG_WARN_BOOL_CONVERSION = YES;
				CLANG_WARN_COMMA = YES;
				CLANG_WARN_CONSTANT_CONVERSION = YES;
				CLANG_WARN_DEPRECATED_OBJC_IMPLEMENTATIONS = YES;
				CLANG_WARN_DIRECT_OBJC_ISA_USAGE = YES_ERROR;
				CLANG_WARN_DOCUMENTATION_COMMENTS = YES;
				CLANG_WARN_EMPTY_BODY = YES;
				CLANG_WARN_ENUM_CONVERSION = YES;
				CLANG_WARN_INFINITE_RECURSION = YES;
				CLANG_WARN_INT_CONVERSION = YES;
				CLANG_WARN_NON_LITERAL_NULL_CONVERSION = YES;
				CLANG_WARN_OBJC_IMPLICIT_RETAIN_SELF = YES;
				CLANG_WARN_OBJC_LITERAL_CONVERSION = YES;
				CLANG_WARN_OBJC_ROOT_CLASS = YES_ERROR;
				CLANG_WARN_QUOTED_INCLUDE_IN_FRAMEWORK_HEADER = YES;
				CLANG_WARN_RANGE_LOOP_ANALYSIS = YES;
				CLANG_WARN_STRICT_PROTOTYPES = YES;
				CLANG_WARN_SUSPICIOUS_MOVE = YES;
				CLANG_WARN_UNGUARDED_AVAILABILITY = YES_AGGRESSIVE;
				CLANG_WARN_UNREACHABLE_CODE = YES;
				CLANG_WARN__DUPLICATE_METHOD_MATCH = YES;
				COPY_PHASE_STRIP = NO;
				DEBUG_INFORMATION_FORMAT = dwarf;
				ENABLE_STRICT_OBJC_MSGSEND = YES;
				ENABLE_TESTABILITY = YES;
				GCC_C_LANGUAGE_STANDARD = gnu11;
				GCC_DYNAMIC_NO_PIC = NO;
				GCC_NO_COMMON_BLOCKS = YES;
				GCC_OPTIMIZATION_LEVEL = 0;
				GCC_PREPROCESSOR_DEFINITIONS = (
					"DEBUG=1",
					"$(inherited)",
				);
				GCC_WARN_64_TO_32_BIT_CONVERSION = YES;
				GCC_WARN_ABOUT_RETURN_TYPE = YES_ERROR;
				GCC_WARN_UNDECLARED_SELECTOR = YES;
				GCC_WARN_UNINITIALIZED_AUTOS = YES_AGGRESSIVE;
				GCC_WARN_UNUSED_FUNCTION = YES;
				GCC_WARN_UNUSED_VARIABLE = YES;
				IPHONEOS_DEPLOYMENT_TARGET = 16.4;
				MTL_ENABLE_DEBUG_INFO = INCLUDE_SOURCE;
				MTL_FAST_MATH = YES;
				ONLY_ACTIVE_ARCH = YES;
				SDKROOT = iphoneos;
				SWIFT_ACTIVE_COMPILATION_CONDITIONS = DEBUG;
				SWIFT_OPTIMIZATION_LEVEL = "-Onone";
			};
			name = Debug;
		};
		D2E3E3232A791C7C00688BE4 /* Release */ = {
			isa = XCBuildConfiguration;
			buildSettings = {
				ALWAYS_SEARCH_USER_PATHS = NO;
				CLANG_ANALYZER_NONNULL = YES;
				CLANG_ANALYZER_NUMBER_OBJECT_CONVERSION = YES_AGGRESSIVE;
				CLANG_CXX_LANGUAGE_STANDARD = "gnu++20";
				CLANG_ENABLE_MODULES = YES;
				CLANG_ENABLE_OBJC_ARC = YES;
				CLANG_ENABLE_OBJC_WEAK = YES;
				CLANG_WARN_BLOCK_CAPTURE_AUTORELEASING = YES;
				CLANG_WARN_BOOL_CONVERSION = YES;
				CLANG_WARN_COMMA = YES;
				CLANG_WARN_CONSTANT_CONVERSION = YES;
				CLANG_WARN_DEPRECATED_OBJC_IMPLEMENTATIONS = YES;
				CLANG_WARN_DIRECT_OBJC_ISA_USAGE = YES_ERROR;
				CLANG_WARN_DOCUMENTATION_COMMENTS = YES;
				CLANG_WARN_EMPTY_BODY = YES;
				CLANG_WARN_ENUM_CONVERSION = YES;
				CLANG_WARN_INFINITE_RECURSION = YES;
				CLANG_WARN_INT_CONVERSION = YES;
				CLANG_WARN_NON_LITERAL_NULL_CONVERSION = YES;
				CLANG_WARN_OBJC_IMPLICIT_RETAIN_SELF = YES;
				CLANG_WARN_OBJC_LITERAL_CONVERSION = YES;
				CLANG_WARN_OBJC_ROOT_CLASS = YES_ERROR;
				CLANG_WARN_QUOTED_INCLUDE_IN_FRAMEWORK_HEADER = YES;
				CLANG_WARN_RANGE_LOOP_ANALYSIS = YES;
				CLANG_WARN_STRICT_PROTOTYPES = YES;
				CLANG_WARN_SUSPICIOUS_MOVE = YES;
				CLANG_WARN_UNGUARDED_AVAILABILITY = YES_AGGRESSIVE;
				CLANG_WARN_UNREACHABLE_CODE = YES;
				CLANG_WARN__DUPLICATE_METHOD_MATCH = YES;
				COPY_PHASE_STRIP = NO;
				DEBUG_INFORMATION_FORMAT = "dwarf-with-dsym";
				ENABLE_NS_ASSERTIONS = NO;
				ENABLE_STRICT_OBJC_MSGSEND = YES;
				GCC_C_LANGUAGE_STANDARD = gnu11;
				GCC_NO_COMMON_BLOCKS = YES;
				GCC_WARN_64_TO_32_BIT_CONVERSION = YES;
				GCC_WARN_ABOUT_RETURN_TYPE = YES_ERROR;
				GCC_WARN_UNDECLARED_SELECTOR = YES;
				GCC_WARN_UNINITIALIZED_AUTOS = YES_AGGRESSIVE;
				GCC_WARN_UNUSED_FUNCTION = YES;
				GCC_WARN_UNUSED_VARIABLE = YES;
				IPHONEOS_DEPLOYMENT_TARGET = 16.4;
				MTL_ENABLE_DEBUG_INFO = NO;
				MTL_FAST_MATH = YES;
				SDKROOT = iphoneos;
				SWIFT_COMPILATION_MODE = wholemodule;
				SWIFT_OPTIMIZATION_LEVEL = "-O";
				VALIDATE_PRODUCT = YES;
			};
			name = Release;
		};
		D2E3E3252A791C7C00688BE4 /* Debug */ = {
			isa = XCBuildConfiguration;
			baseConfigurationReference = D028A3AE402641D19E3F3F1F /* Pods-MapPlans.debug.xcconfig */;
			buildSettings = {
				ASSETCATALOG_COMPILER_APPICON_NAME = AppIcon;
				ASSETCATALOG_COMPILER_GLOBAL_ACCENT_COLOR_NAME = AccentColor;
				CODE_SIGN_STYLE = Automatic;
				CURRENT_PROJECT_VERSION = 1;
				DEVELOPMENT_ASSET_PATHS = "\"MapPlans/AppStructure/Preview Content\"";
				DEVELOPMENT_TEAM = WWVXY36FK8;
				ENABLE_PREVIEWS = YES;
				GENERATE_INFOPLIST_FILE = YES;
				INFOPLIST_KEY_NSLocationAlwaysAndWhenInUseUsageDescription = "Give Access to user location";
				INFOPLIST_KEY_NSLocationAlwaysUsageDescription = "Give Access to user location";
				INFOPLIST_KEY_NSLocationWhenInUseUsageDescription = "Give Access to ur location";
				INFOPLIST_KEY_UIApplicationSceneManifest_Generation = YES;
				INFOPLIST_KEY_UIApplicationSupportsIndirectInputEvents = YES;
				INFOPLIST_KEY_UILaunchScreen_Generation = YES;
				INFOPLIST_KEY_UISupportedInterfaceOrientations_iPad = "UIInterfaceOrientationPortrait UIInterfaceOrientationPortraitUpsideDown UIInterfaceOrientationLandscapeLeft UIInterfaceOrientationLandscapeRight";
				INFOPLIST_KEY_UISupportedInterfaceOrientations_iPhone = "UIInterfaceOrientationPortrait UIInterfaceOrientationLandscapeLeft UIInterfaceOrientationLandscapeRight";
				IPHONEOS_DEPLOYMENT_TARGET = 16.0;
				LD_RUNPATH_SEARCH_PATHS = (
					"$(inherited)",
					"@executable_path/Frameworks",
				);
				MARKETING_VERSION = 1.0;
				PRODUCT_BUNDLE_IDENTIFIER = TobiasFate.MapPlans;
				PRODUCT_NAME = "$(TARGET_NAME)";
				SWIFT_EMIT_LOC_STRINGS = YES;
				SWIFT_VERSION = 5.0;
				TARGETED_DEVICE_FAMILY = "1,2";
			};
			name = Debug;
		};
		D2E3E3262A791C7C00688BE4 /* Release */ = {
			isa = XCBuildConfiguration;
			baseConfigurationReference = A58C5BE077610783FB672035 /* Pods-MapPlans.release.xcconfig */;
			buildSettings = {
				ASSETCATALOG_COMPILER_APPICON_NAME = AppIcon;
				ASSETCATALOG_COMPILER_GLOBAL_ACCENT_COLOR_NAME = AccentColor;
				CODE_SIGN_STYLE = Automatic;
				CURRENT_PROJECT_VERSION = 1;
				DEVELOPMENT_ASSET_PATHS = "\"MapPlans/AppStructure/Preview Content\"";
				DEVELOPMENT_TEAM = WWVXY36FK8;
				ENABLE_PREVIEWS = YES;
				GENERATE_INFOPLIST_FILE = YES;
				INFOPLIST_KEY_NSLocationAlwaysAndWhenInUseUsageDescription = "Give Access to user location";
				INFOPLIST_KEY_NSLocationAlwaysUsageDescription = "Give Access to user location";
				INFOPLIST_KEY_NSLocationWhenInUseUsageDescription = "Give Access to ur location";
				INFOPLIST_KEY_UIApplicationSceneManifest_Generation = YES;
				INFOPLIST_KEY_UIApplicationSupportsIndirectInputEvents = YES;
				INFOPLIST_KEY_UILaunchScreen_Generation = YES;
				INFOPLIST_KEY_UISupportedInterfaceOrientations_iPad = "UIInterfaceOrientationPortrait UIInterfaceOrientationPortraitUpsideDown UIInterfaceOrientationLandscapeLeft UIInterfaceOrientationLandscapeRight";
				INFOPLIST_KEY_UISupportedInterfaceOrientations_iPhone = "UIInterfaceOrientationPortrait UIInterfaceOrientationLandscapeLeft UIInterfaceOrientationLandscapeRight";
				IPHONEOS_DEPLOYMENT_TARGET = 16.0;
				LD_RUNPATH_SEARCH_PATHS = (
					"$(inherited)",
					"@executable_path/Frameworks",
				);
				MARKETING_VERSION = 1.0;
				PRODUCT_BUNDLE_IDENTIFIER = TobiasFate.MapPlans;
				PRODUCT_NAME = "$(TARGET_NAME)";
				SWIFT_EMIT_LOC_STRINGS = YES;
				SWIFT_VERSION = 5.0;
				TARGETED_DEVICE_FAMILY = "1,2";
			};
			name = Release;
		};
/* End XCBuildConfiguration section */

/* Begin XCConfigurationList section */
		D2E3E3112A791C7B00688BE4 /* Build configuration list for PBXProject "MapPlans" */ = {
			isa = XCConfigurationList;
			buildConfigurations = (
				D2E3E3222A791C7C00688BE4 /* Debug */,
				D2E3E3232A791C7C00688BE4 /* Release */,
			);
			defaultConfigurationIsVisible = 0;
			defaultConfigurationName = Release;
		};
		D2E3E3242A791C7C00688BE4 /* Build configuration list for PBXNativeTarget "MapPlans" */ = {
			isa = XCConfigurationList;
			buildConfigurations = (
				D2E3E3252A791C7C00688BE4 /* Debug */,
				D2E3E3262A791C7C00688BE4 /* Release */,
			);
			defaultConfigurationIsVisible = 0;
			defaultConfigurationName = Release;
		};
/* End XCConfigurationList section */

/* Begin XCRemoteSwiftPackageReference section */
		D2E3E33A2A792C8700688BE4 /* XCRemoteSwiftPackageReference "realm-swift" */ = {
			isa = XCRemoteSwiftPackageReference;
			repositoryURL = "https://github.com/realm/realm-swift.git";
			requirement = {
				branch = master;
				kind = branch;
			};
		};
/* End XCRemoteSwiftPackageReference section */
	};
	rootObject = D2E3E30E2A791C7B00688BE4 /* Project object */;
}
